
Microsoft Visual Studio Solution File, Format Version 12.00
# Visual Studio Version 17
VisualStudioVersion = 17.10.34916.146
MinimumVisualStudioVersion = 10.0.40219.1
Project("{8BC9CEB8-8B4A-11D0-8D11-00A0C91BC942}") = "19.14 — 19.17 using的使用 多继承 菱形继承 虚继承", "19.14 — 19.17 using的使用 多继承 菱形继承 虚继承.vcxproj", "{3797EBBC-BC2C-4C74-9285-EA7A20374A6B}"
EndProject
Global
	GlobalSection(SolutionConfigurationPlatforms) = preSolution
		Debug|x64 = Debug|x64
		Debug|x86 = Debug|x86
		Release|x64 = Release|x64
		Release|x86 = Release|x86
	EndGlobalSection
	GlobalSection(ProjectConfigurationPlatforms) = postSolution
		{3797EBBC-BC2C-4C74-9285-EA7A20374A6B}.Debug|x64.ActiveCfg = Debug|x64
		{3797EBBC-BC2C-4C74-9285-EA7A20374A6B}.Debug|x64.Build.0 = Debug|x64
		{3797EBBC-BC2C-4C74-9285-EA7A20374A6B}.Debug|x86.ActiveCfg = Debug|Win32
		{3797EBBC-BC2C-4C74-9285-EA7A20374A6B}.Debug|x86.Build.0 = Debug|Win32
		{3797EBBC-BC2C-4C74-9285-EA7A20374A6B}.Release|x64.ActiveCfg = Release|x64
		{3797EBBC-BC2C-4C74-9285-EA7A20374A6B}.Release|x64.Build.0 = Release|x64
		{3797EBBC-BC2C-4C74-9285-EA7A20374A6B}.Release|x86.ActiveCfg = Release|Win32
		{3797EBBC-BC2C-4C74-9285-EA7A20374A6B}.Release|x86.Build.0 = Release|Win32
	EndGlobalSection
	GlobalSection(SolutionProperties) = preSolution
		HideSolutionNode = FALSE
	EndGlobalSection
	GlobalSection(ExtensibilityGlobals) = postSolution
		SolutionGuid = {2121C5FB-A633-4AE5-A882-1A4D56E67F21}
	EndGlobalSection
EndGlobal
