
Microsoft Visual Studio Solution File, Format Version 12.00
# Visual Studio Version 17
VisualStudioVersion = 17.10.34916.146
MinimumVisualStudioVersion = 10.0.40219.1
Project("{8BC9CEB8-8B4A-11D0-8D11-00A0C91BC942}") = "25.1 多态的基本概念", "25.1 多态的基本概念.vcxproj", "{DF473C65-AB08-430C-8F3D-43C41D9BB5FB}"
EndProject
Global
	GlobalSection(SolutionConfigurationPlatforms) = preSolution
		Debug|x64 = Debug|x64
		Debug|x86 = Debug|x86
		Release|x64 = Release|x64
		Release|x86 = Release|x86
	EndGlobalSection
	GlobalSection(ProjectConfigurationPlatforms) = postSolution
		{DF473C65-AB08-430C-8F3D-43C41D9BB5FB}.Debug|x64.ActiveCfg = Debug|x64
		{DF473C65-AB08-430C-8F3D-43C41D9BB5FB}.Debug|x64.Build.0 = Debug|x64
		{DF473C65-AB08-430C-8F3D-43C41D9BB5FB}.Debug|x86.ActiveCfg = Debug|Win32
		{DF473C65-AB08-430C-8F3D-43C41D9BB5FB}.Debug|x86.Build.0 = Debug|Win32
		{DF473C65-AB08-430C-8F3D-43C41D9BB5FB}.Release|x64.ActiveCfg = Release|x64
		{DF473C65-AB08-430C-8F3D-43C41D9BB5FB}.Release|x64.Build.0 = Release|x64
		{DF473C65-AB08-430C-8F3D-43C41D9BB5FB}.Release|x86.ActiveCfg = Release|Win32
		{DF473C65-AB08-430C-8F3D-43C41D9BB5FB}.Release|x86.Build.0 = Release|Win32
	EndGlobalSection
	GlobalSection(SolutionProperties) = preSolution
		HideSolutionNode = FALSE
	EndGlobalSection
	GlobalSection(ExtensibilityGlobals) = postSolution
		SolutionGuid = {B1633585-F8CF-447C-841E-3807613D4106}
	EndGlobalSection
EndGlobal
