
Microsoft Visual Studio Solution File, Format Version 12.00
# Visual Studio Version 17
VisualStudioVersion = 17.9.34622.214
MinimumVisualStudioVersion = 10.0.40219.1
Project("{8BC9CEB8-8B4A-11D0-8D11-00A0C91BC942}") = "二十三、随机数", "二十三、随机数.vcxproj", "{BE9D56A6-3949-4A64-9BB7-5F5BD1EF8316}"
EndProject
Global
	GlobalSection(SolutionConfigurationPlatforms) = preSolution
		Debug|x64 = Debug|x64
		Debug|x86 = Debug|x86
		Release|x64 = Release|x64
		Release|x86 = Release|x86
	EndGlobalSection
	GlobalSection(ProjectConfigurationPlatforms) = postSolution
		{BE9D56A6-3949-4A64-9BB7-5F5BD1EF8316}.Debug|x64.ActiveCfg = Debug|x64
		{BE9D56A6-3949-4A64-9BB7-5F5BD1EF8316}.Debug|x64.Build.0 = Debug|x64
		{BE9D56A6-3949-4A64-9BB7-5F5BD1EF8316}.Debug|x86.ActiveCfg = Debug|Win32
		{BE9D56A6-3949-4A64-9BB7-5F5BD1EF8316}.Debug|x86.Build.0 = Debug|Win32
		{BE9D56A6-3949-4A64-9BB7-5F5BD1EF8316}.Release|x64.ActiveCfg = Release|x64
		{BE9D56A6-3949-4A64-9BB7-5F5BD1EF8316}.Release|x64.Build.0 = Release|x64
		{BE9D56A6-3949-4A64-9BB7-5F5BD1EF8316}.Release|x86.ActiveCfg = Release|Win32
		{BE9D56A6-3949-4A64-9BB7-5F5BD1EF8316}.Release|x86.Build.0 = Release|Win32
	EndGlobalSection
	GlobalSection(SolutionProperties) = preSolution
		HideSolutionNode = FALSE
	EndGlobalSection
	GlobalSection(ExtensibilityGlobals) = postSolution
		SolutionGuid = {373B1246-7C44-4019-9491-A8149CB16362}
	EndGlobalSection
EndGlobal
