
Microsoft Visual Studio Solution File, Format Version 12.00
# Visual Studio Version 17
VisualStudioVersion = 17.9.34622.214
MinimumVisualStudioVersion = 10.0.40219.1
Project("{8BC9CEB8-8B4A-11D0-8D11-00A0C91BC942}") = "Ch12_5_easylianbiao", "Ch12_5_easylianbiao\Ch12_5_easylianbiao.vcxproj", "{FA0648C8-949B-4173-AAF0-7DD75E6FC992}"
EndProject
Global
	GlobalSection(SolutionConfigurationPlatforms) = preSolution
		Debug|x64 = Debug|x64
		Debug|x86 = Debug|x86
		Release|x64 = Release|x64
		Release|x86 = Release|x86
	EndGlobalSection
	GlobalSection(ProjectConfigurationPlatforms) = postSolution
		{FA0648C8-949B-4173-AAF0-7DD75E6FC992}.Debug|x64.ActiveCfg = Debug|x64
		{FA0648C8-949B-4173-AAF0-7DD75E6FC992}.Debug|x64.Build.0 = Debug|x64
		{FA0648C8-949B-4173-AAF0-7DD75E6FC992}.Debug|x86.ActiveCfg = Debug|Win32
		{FA0648C8-949B-4173-AAF0-7DD75E6FC992}.Debug|x86.Build.0 = Debug|Win32
		{FA0648C8-949B-4173-AAF0-7DD75E6FC992}.Release|x64.ActiveCfg = Release|x64
		{FA0648C8-949B-4173-AAF0-7DD75E6FC992}.Release|x64.Build.0 = Release|x64
		{FA0648C8-949B-4173-AAF0-7DD75E6FC992}.Release|x86.ActiveCfg = Release|Win32
		{FA0648C8-949B-4173-AAF0-7DD75E6FC992}.Release|x86.Build.0 = Release|Win32
	EndGlobalSection
	GlobalSection(SolutionProperties) = preSolution
		HideSolutionNode = FALSE
	EndGlobalSection
	GlobalSection(ExtensibilityGlobals) = postSolution
		SolutionGuid = {27B8A4B3-DF79-451F-A113-4DF4D5B3D42B}
	EndGlobalSection
EndGlobal
