
Microsoft Visual Studio Solution File, Format Version 12.00
# Visual Studio Version 17
VisualStudioVersion = 17.9.34622.214
MinimumVisualStudioVersion = 10.0.40219.1
Project("{8BC9CEB8-8B4A-11D0-8D11-00A0C91BC942}") = "5.2 队列", "5.2 队列.vcxproj", "{B61912A0-D444-4ED0-990C-6A5E5C823FC6}"
EndProject
Global
	GlobalSection(SolutionConfigurationPlatforms) = preSolution
		Debug|x64 = Debug|x64
		Debug|x86 = Debug|x86
		Release|x64 = Release|x64
		Release|x86 = Release|x86
	EndGlobalSection
	GlobalSection(ProjectConfigurationPlatforms) = postSolution
		{B61912A0-D444-4ED0-990C-6A5E5C823FC6}.Debug|x64.ActiveCfg = Debug|x64
		{B61912A0-D444-4ED0-990C-6A5E5C823FC6}.Debug|x64.Build.0 = Debug|x64
		{B61912A0-D444-4ED0-990C-6A5E5C823FC6}.Debug|x86.ActiveCfg = Debug|Win32
		{B61912A0-D444-4ED0-990C-6A5E5C823FC6}.Debug|x86.Build.0 = Debug|Win32
		{B61912A0-D444-4ED0-990C-6A5E5C823FC6}.Release|x64.ActiveCfg = Release|x64
		{B61912A0-D444-4ED0-990C-6A5E5C823FC6}.Release|x64.Build.0 = Release|x64
		{B61912A0-D444-4ED0-990C-6A5E5C823FC6}.Release|x86.ActiveCfg = Release|Win32
		{B61912A0-D444-4ED0-990C-6A5E5C823FC6}.Release|x86.Build.0 = Release|Win32
	EndGlobalSection
	GlobalSection(SolutionProperties) = preSolution
		HideSolutionNode = FALSE
	EndGlobalSection
	GlobalSection(ExtensibilityGlobals) = postSolution
		SolutionGuid = {63839627-DDCB-48B5-89EA-63C92AA5153A}
	EndGlobalSection
EndGlobal
