
Microsoft Visual Studio Solution File, Format Version 12.00
# Visual Studio Version 17
VisualStudioVersion = 17.10.34916.146
MinimumVisualStudioVersion = 10.0.40219.1
Project("{8BC9CEB8-8B4A-11D0-8D11-00A0C91BC942}") = "24.3 继承的对象模型", "24.3 继承的对象模型.vcxproj", "{594EF657-CBDC-465A-810D-BC9191C0A79D}"
EndProject
Global
	GlobalSection(SolutionConfigurationPlatforms) = preSolution
		Debug|x64 = Debug|x64
		Debug|x86 = Debug|x86
		Release|x64 = Release|x64
		Release|x86 = Release|x86
	EndGlobalSection
	GlobalSection(ProjectConfigurationPlatforms) = postSolution
		{594EF657-CBDC-465A-810D-BC9191C0A79D}.Debug|x64.ActiveCfg = Debug|x64
		{594EF657-CBDC-465A-810D-BC9191C0A79D}.Debug|x64.Build.0 = Debug|x64
		{594EF657-CBDC-465A-810D-BC9191C0A79D}.Debug|x86.ActiveCfg = Debug|Win32
		{594EF657-CBDC-465A-810D-BC9191C0A79D}.Debug|x86.Build.0 = Debug|Win32
		{594EF657-CBDC-465A-810D-BC9191C0A79D}.Release|x64.ActiveCfg = Release|x64
		{594EF657-CBDC-465A-810D-BC9191C0A79D}.Release|x64.Build.0 = Release|x64
		{594EF657-CBDC-465A-810D-BC9191C0A79D}.Release|x86.ActiveCfg = Release|Win32
		{594EF657-CBDC-465A-810D-BC9191C0A79D}.Release|x86.Build.0 = Release|Win32
	EndGlobalSection
	GlobalSection(SolutionProperties) = preSolution
		HideSolutionNode = FALSE
	EndGlobalSection
	GlobalSection(ExtensibilityGlobals) = postSolution
		SolutionGuid = {3F71DA38-F1A5-4840-8D95-3D220850E910}
	EndGlobalSection
EndGlobal
