
Microsoft Visual Studio Solution File, Format Version 12.00
# Visual Studio Version 17
VisualStudioVersion = 17.9.34622.214
MinimumVisualStudioVersion = 10.0.40219.1
Project("{8BC9CEB8-8B4A-11D0-8D11-00A0C91BC942}") = "十七、删除字符串右边指定的字符", "十七、删除字符串右边指定的字符.vcxproj", "{F2A85467-F5C9-4B91-BD32-EB9F6267E8C5}"
EndProject
Global
	GlobalSection(SolutionConfigurationPlatforms) = preSolution
		Debug|x64 = Debug|x64
		Debug|x86 = Debug|x86
		Release|x64 = Release|x64
		Release|x86 = Release|x86
	EndGlobalSection
	GlobalSection(ProjectConfigurationPlatforms) = postSolution
		{F2A85467-F5C9-4B91-BD32-EB9F6267E8C5}.Debug|x64.ActiveCfg = Debug|x64
		{F2A85467-F5C9-4B91-BD32-EB9F6267E8C5}.Debug|x64.Build.0 = Debug|x64
		{F2A85467-F5C9-4B91-BD32-EB9F6267E8C5}.Debug|x86.ActiveCfg = Debug|Win32
		{F2A85467-F5C9-4B91-BD32-EB9F6267E8C5}.Debug|x86.Build.0 = Debug|Win32
		{F2A85467-F5C9-4B91-BD32-EB9F6267E8C5}.Release|x64.ActiveCfg = Release|x64
		{F2A85467-F5C9-4B91-BD32-EB9F6267E8C5}.Release|x64.Build.0 = Release|x64
		{F2A85467-F5C9-4B91-BD32-EB9F6267E8C5}.Release|x86.ActiveCfg = Release|Win32
		{F2A85467-F5C9-4B91-BD32-EB9F6267E8C5}.Release|x86.Build.0 = Release|Win32
	EndGlobalSection
	GlobalSection(SolutionProperties) = preSolution
		HideSolutionNode = FALSE
	EndGlobalSection
	GlobalSection(ExtensibilityGlobals) = postSolution
		SolutionGuid = {E91A6376-CC94-4B12-AA18-8F919EB6810C}
	EndGlobalSection
EndGlobal
